
Microsoft Visual Studio Solution File, Format Version 12.00
# Visual Studio 15
VisualStudioVersion = 15.0.28307.1145
MinimumVisualStudioVersion = 10.0.40219.1
Project("{FAE04EC0-301F-11D3-BF4B-00C04F79EFBC}") = "Obligatorio2", "Obligatorio2\Obligatorio2.csproj", "{082FAB8D-FA87-47D8-A8CD-89E5C9EA9224}"
EndProject
Project("{FAE04EC0-301F-11D3-BF4B-00C04F79EFBC}") = "Obligatorio2Programacion2MVC", "Obligatorio2Programacion2MVC\Obligatorio2Programacion2MVC.csproj", "{E7B6F8CA-88C2-4BA7-B3ED-4EB7D6A1282A}"
EndProject
Global
	GlobalSection(SolutionConfigurationPlatforms) = preSolution
		Debug|Any CPU = Debug|Any CPU
		Release|Any CPU = Release|Any CPU
	EndGlobalSection
	GlobalSection(ProjectConfigurationPlatforms) = postSolution
		{082FAB8D-FA87-47D8-A8CD-89E5C9EA9224}.Debug|Any CPU.ActiveCfg = Debug|Any CPU
		{082FAB8D-FA87-47D8-A8CD-89E5C9EA9224}.Debug|Any CPU.Build.0 = Debug|Any CPU
		{082FAB8D-FA87-47D8-A8CD-89E5C9EA9224}.Release|Any CPU.ActiveCfg = Release|Any CPU
		{082FAB8D-FA87-47D8-A8CD-89E5C9EA9224}.Release|Any CPU.Build.0 = Release|Any CPU
		{E7B6F8CA-88C2-4BA7-B3ED-4EB7D6A1282A}.Debug|Any CPU.ActiveCfg = Debug|Any CPU
		{E7B6F8CA-88C2-4BA7-B3ED-4EB7D6A1282A}.Debug|Any CPU.Build.0 = Debug|Any CPU
		{E7B6F8CA-88C2-4BA7-B3ED-4EB7D6A1282A}.Release|Any CPU.ActiveCfg = Release|Any CPU
		{E7B6F8CA-88C2-4BA7-B3ED-4EB7D6A1282A}.Release|Any CPU.Build.0 = Release|Any CPU
	EndGlobalSection
	GlobalSection(SolutionProperties) = preSolution
		HideSolutionNode = FALSE
	EndGlobalSection
	GlobalSection(ExtensibilityGlobals) = postSolution
		SolutionGuid = {B42E0D37-3032-4811-9F2C-6ECD606CDDC9}
	EndGlobalSection
EndGlobal
