
Microsoft Visual Studio Solution File, Format Version 12.00
# Visual Studio 15
VisualStudioVersion = 15.0.28307.1062
MinimumVisualStudioVersion = 10.0.40219.1
Project("{FAE04EC0-301F-11D3-BF4B-00C04F79EFBC}") = "Obligatorio1", "Obligatorio1\Obligatorio1.csproj", "{9AF49EBA-2A5A-4F64-8EDA-EF30E3720623}"
EndProject
Global
	GlobalSection(SolutionConfigurationPlatforms) = preSolution
		Debug|Any CPU = Debug|Any CPU
		Release|Any CPU = Release|Any CPU
	EndGlobalSection
	GlobalSection(ProjectConfigurationPlatforms) = postSolution
		{9AF49EBA-2A5A-4F64-8EDA-EF30E3720623}.Debug|Any CPU.ActiveCfg = Debug|Any CPU
		{9AF49EBA-2A5A-4F64-8EDA-EF30E3720623}.Debug|Any CPU.Build.0 = Debug|Any CPU
		{9AF49EBA-2A5A-4F64-8EDA-EF30E3720623}.Release|Any CPU.ActiveCfg = Release|Any CPU
		{9AF49EBA-2A5A-4F64-8EDA-EF30E3720623}.Release|Any CPU.Build.0 = Release|Any CPU
	EndGlobalSection
	GlobalSection(SolutionProperties) = preSolution
		HideSolutionNode = FALSE
	EndGlobalSection
	GlobalSection(ExtensibilityGlobals) = postSolution
		SolutionGuid = {C5B0C3D5-83B0-48FB-80BC-3D891C2F8B23}
	EndGlobalSection
EndGlobal
